// !$*UTF8*$!
{
	archiveVersion = 1;
	classes = {
	};
	objectVersion = 55;
	objects = {

/* Begin PBXBuildFile section */
		E90BD387289BDF93009A3E62 /* AppDelegate.swift in Sources */ = {isa = PBXBuildFile; fileRef = E90BD386289BDF93009A3E62 /* AppDelegate.swift */; };
		E90BD389289BDF93009A3E62 /* SceneDelegate.swift in Sources */ = {isa = PBXBuildFile; fileRef = E90BD388289BDF93009A3E62 /* SceneDelegate.swift */; };
		E90BD38B289BDF93009A3E62 /* ViewController.swift in Sources */ = {isa = PBXBuildFile; fileRef = E90BD38A289BDF93009A3E62 /* ViewController.swift */; };
		E90BD38E289BDF93009A3E62 /* Main.storyboard in Resources */ = {isa = PBXBuildFile; fileRef = E90BD38C289BDF93009A3E62 /* Main.storyboard */; };
		E90BD390289BDF94009A3E62 /* Assets.xcassets in Resources */ = {isa = PBXBuildFile; fileRef = E90BD38F289BDF94009A3E62 /* Assets.xcassets */; };
		E90BD393289BDF94009A3E62 /* LaunchScreen.storyboard in Resources */ = {isa = PBXBuildFile; fileRef = E90BD391289BDF94009A3E62 /* LaunchScreen.storyboard */; };
		E90BD39E289BDF95009A3E62 /* GitHubRetrospectivesTests.swift in Sources */ = {isa = PBXBuildFile; fileRef = E90BD39D289BDF95009A3E62 /* GitHubRetrospectivesTests.swift */; };
		E90BD3A8289BDF95009A3E62 /* GitHubRetrospectivesUITests.swift in Sources */ = {isa = PBXBuildFile; fileRef = E90BD3A7289BDF95009A3E62 /* GitHubRetrospectivesUITests.swift */; };
		E90BD3AA289BDF95009A3E62 /* GitHubRetrospectivesUITestsLaunchTests.swift in Sources */ = {isa = PBXBuildFile; fileRef = E90BD3A9289BDF95009A3E62 /* GitHubRetrospectivesUITestsLaunchTests.swift */; };
		E90BD3B8289BDFB5009A3E62 /* KeychainAccess in Frameworks */ = {isa = PBXBuildFile; productRef = E90BD3B7289BDFB5009A3E62 /* KeychainAccess */; };
		E90BD3BE289BE014009A3E62 /* AddTokenViewController.swift in Sources */ = {isa = PBXBuildFile; fileRef = E90BD3BD289BE014009A3E62 /* AddTokenViewController.swift */; };
		E90BD3C0289BE03A009A3E62 /* AddTokenUseCase.swift in Sources */ = {isa = PBXBuildFile; fileRef = E90BD3BF289BE03A009A3E62 /* AddTokenUseCase.swift */; };
		E90BD3C2289BE082009A3E62 /* URLSession+GitHub.swift in Sources */ = {isa = PBXBuildFile; fileRef = E90BD3C1289BE082009A3E62 /* URLSession+GitHub.swift */; };
		E90BD3C6289BE0AF009A3E62 /* GitHubApiRequest.swift in Sources */ = {isa = PBXBuildFile; fileRef = E90BD3C5289BE0AF009A3E62 /* GitHubApiRequest.swift */; };
		E90BD3C8289BE0DD009A3E62 /* NotificationsRequest.swift in Sources */ = {isa = PBXBuildFile; fileRef = E90BD3C7289BE0DD009A3E62 /* NotificationsRequest.swift */; };
		E90BD3CA289BE0F8009A3E62 /* Notification.swift in Sources */ = {isa = PBXBuildFile; fileRef = E90BD3C9289BE0F8009A3E62 /* Notification.swift */; };
		E90BD3CD289BE127009A3E62 /* Date+Extension.swift in Sources */ = {isa = PBXBuildFile; fileRef = E90BD3CC289BE127009A3E62 /* Date+Extension.swift */; };
		E90BD3CF289BE14A009A3E62 /* IntroViewController.swift in Sources */ = {isa = PBXBuildFile; fileRef = E90BD3CE289BE14A009A3E62 /* IntroViewController.swift */; };
		E90BD3D1289BE16A009A3E62 /* SummaryViewController.swift in Sources */ = {isa = PBXBuildFile; fileRef = E90BD3D0289BE16A009A3E62 /* SummaryViewController.swift */; };
		E939F2A0289BF34600B4136C /* FetchNotificationsUseCase.swift in Sources */ = {isa = PBXBuildFile; fileRef = E939F29F289BF34600B4136C /* FetchNotificationsUseCase.swift */; };
		E939F2A2289C022B00B4136C /* DetailViewController.swift in Sources */ = {isa = PBXBuildFile; fileRef = E939F2A1289C022B00B4136C /* DetailViewController.swift */; };
		E9A3618828AC5D73005C01A1 /* README.md in Resources */ = {isa = PBXBuildFile; fileRef = E9A3618728AC5D73005C01A1 /* README.md */; };
		E9CA3E4228AA2AC000FB80FB /* String+Extension.swift in Sources */ = {isa = PBXBuildFile; fileRef = E9CA3E4128AA2AC000FB80FB /* String+Extension.swift */; };
		E9CA3E4428AA2B4D00FB80FB /* Localizable.strings in Resources */ = {isa = PBXBuildFile; fileRef = E9CA3E4328AA2B4D00FB80FB /* Localizable.strings */; };
/* End PBXBuildFile section */

/* Begin PBXContainerItemProxy section */
		E90BD39A289BDF95009A3E62 /* PBXContainerItemProxy */ = {
			isa = PBXContainerItemProxy;
			containerPortal = E90BD37B289BDF93009A3E62 /* Project object */;
			proxyType = 1;
			remoteGlobalIDString = E90BD382289BDF93009A3E62;
			remoteInfo = GitHubRetrospectives;
		};
		E90BD3A4289BDF95009A3E62 /* PBXContainerItemProxy */ = {
			isa = PBXContainerItemProxy;
			containerPortal = E90BD37B289BDF93009A3E62 /* Project object */;
			proxyType = 1;
			remoteGlobalIDString = E90BD382289BDF93009A3E62;
			remoteInfo = GitHubRetrospectives;
		};
/* End PBXContainerItemProxy section */

/* Begin PBXFileReference section */
		E90BD383289BDF93009A3E62 /* GitHubRetrospectives.app */ = {isa = PBXFileReference; explicitFileType = wrapper.application; includeInIndex = 0; path = GitHubRetrospectives.app; sourceTree = BUILT_PRODUCTS_DIR; };
		E90BD386289BDF93009A3E62 /* AppDelegate.swift */ = {isa = PBXFileReference; lastKnownFileType = sourcecode.swift; path = AppDelegate.swift; sourceTree = "<group>"; };
		E90BD388289BDF93009A3E62 /* SceneDelegate.swift */ = {isa = PBXFileReference; lastKnownFileType = sourcecode.swift; path = SceneDelegate.swift; sourceTree = "<group>"; };
		E90BD38A289BDF93009A3E62 /* ViewController.swift */ = {isa = PBXFileReference; lastKnownFileType = sourcecode.swift; path = ViewController.swift; sourceTree = "<group>"; };
		E90BD38D289BDF93009A3E62 /* Base */ = {isa = PBXFileReference; lastKnownFileType = file.storyboard; name = Base; path = Base.lproj/Main.storyboard; sourceTree = "<group>"; };
		E90BD38F289BDF94009A3E62 /* Assets.xcassets */ = {isa = PBXFileReference; lastKnownFileType = folder.assetcatalog; path = Assets.xcassets; sourceTree = "<group>"; };
		E90BD392289BDF94009A3E62 /* Base */ = {isa = PBXFileReference; lastKnownFileType = file.storyboard; name = Base; path = Base.lproj/LaunchScreen.storyboard; sourceTree = "<group>"; };
		E90BD394289BDF94009A3E62 /* Info.plist */ = {isa = PBXFileReference; lastKnownFileType = text.plist.xml; path = Info.plist; sourceTree = "<group>"; };
		E90BD399289BDF95009A3E62 /* GitHubRetrospectivesTests.xctest */ = {isa = PBXFileReference; explicitFileType = wrapper.cfbundle; includeInIndex = 0; path = GitHubRetrospectivesTests.xctest; sourceTree = BUILT_PRODUCTS_DIR; };
		E90BD39D289BDF95009A3E62 /* GitHubRetrospectivesTests.swift */ = {isa = PBXFileReference; lastKnownFileType = sourcecode.swift; path = GitHubRetrospectivesTests.swift; sourceTree = "<group>"; };
		E90BD3A3289BDF95009A3E62 /* GitHubRetrospectivesUITests.xctest */ = {isa = PBXFileReference; explicitFileType = wrapper.cfbundle; includeInIndex = 0; path = GitHubRetrospectivesUITests.xctest; sourceTree = BUILT_PRODUCTS_DIR; };
		E90BD3A7289BDF95009A3E62 /* GitHubRetrospectivesUITests.swift */ = {isa = PBXFileReference; lastKnownFileType = sourcecode.swift; path = GitHubRetrospectivesUITests.swift; sourceTree = "<group>"; };
		E90BD3A9289BDF95009A3E62 /* GitHubRetrospectivesUITestsLaunchTests.swift */ = {isa = PBXFileReference; lastKnownFileType = sourcecode.swift; path = GitHubRetrospectivesUITestsLaunchTests.swift; sourceTree = "<group>"; };
		E90BD3BD289BE014009A3E62 /* AddTokenViewController.swift */ = {isa = PBXFileReference; lastKnownFileType = sourcecode.swift; path = AddTokenViewController.swift; sourceTree = "<group>"; };
		E90BD3BF289BE03A009A3E62 /* AddTokenUseCase.swift */ = {isa = PBXFileReference; fileEncoding = 4; lastKnownFileType = sourcecode.swift; path = AddTokenUseCase.swift; sourceTree = "<group>"; };
		E90BD3C1289BE082009A3E62 /* URLSession+GitHub.swift */ = {isa = PBXFileReference; lastKnownFileType = sourcecode.swift; path = "URLSession+GitHub.swift"; sourceTree = "<group>"; };
		E90BD3C5289BE0AF009A3E62 /* GitHubApiRequest.swift */ = {isa = PBXFileReference; lastKnownFileType = sourcecode.swift; path = GitHubApiRequest.swift; sourceTree = "<group>"; };
		E90BD3C7289BE0DD009A3E62 /* NotificationsRequest.swift */ = {isa = PBXFileReference; lastKnownFileType = sourcecode.swift; path = NotificationsRequest.swift; sourceTree = "<group>"; };
		E90BD3C9289BE0F8009A3E62 /* Notification.swift */ = {isa = PBXFileReference; lastKnownFileType = sourcecode.swift; path = Notification.swift; sourceTree = "<group>"; };
		E90BD3CC289BE127009A3E62 /* Date+Extension.swift */ = {isa = PBXFileReference; lastKnownFileType = sourcecode.swift; path = "Date+Extension.swift"; sourceTree = "<group>"; };
		E90BD3CE289BE14A009A3E62 /* IntroViewController.swift */ = {isa = PBXFileReference; lastKnownFileType = sourcecode.swift; path = IntroViewController.swift; sourceTree = "<group>"; };
		E90BD3D0289BE16A009A3E62 /* SummaryViewController.swift */ = {isa = PBXFileReference; lastKnownFileType = sourcecode.swift; path = SummaryViewController.swift; sourceTree = "<group>"; };
		E939F29F289BF34600B4136C /* FetchNotificationsUseCase.swift */ = {isa = PBXFileReference; lastKnownFileType = sourcecode.swift; path = FetchNotificationsUseCase.swift; sourceTree = "<group>"; };
		E939F2A1289C022B00B4136C /* DetailViewController.swift */ = {isa = PBXFileReference; lastKnownFileType = sourcecode.swift; path = DetailViewController.swift; sourceTree = "<group>"; };
		E9A3618728AC5D73005C01A1 /* README.md */ = {isa = PBXFileReference; lastKnownFileType = net.daringfireball.markdown; path = README.md; sourceTree = "<group>"; };
		E9CA3E4128AA2AC000FB80FB /* String+Extension.swift */ = {isa = PBXFileReference; lastKnownFileType = sourcecode.swift; path = "String+Extension.swift"; sourceTree = "<group>"; };
		E9CA3E4328AA2B4D00FB80FB /* Localizable.strings */ = {isa = PBXFileReference; lastKnownFileType = text.plist.strings; path = Localizable.strings; sourceTree = "<group>"; };
/* End PBXFileReference section */

/* Begin PBXFrameworksBuildPhase section */
		E90BD380289BDF93009A3E62 /* Frameworks */ = {
			isa = PBXFrameworksBuildPhase;
			buildActionMask = 2147483647;
			files = (
				E90BD3B8289BDFB5009A3E62 /* KeychainAccess in Frameworks */,
			);
			runOnlyForDeploymentPostprocessing = 0;
		};
		E90BD396289BDF95009A3E62 /* Frameworks */ = {
			isa = PBXFrameworksBuildPhase;
			buildActionMask = 2147483647;
			files = (
			);
			runOnlyForDeploymentPostprocessing = 0;
		};
		E90BD3A0289BDF95009A3E62 /* Frameworks */ = {
			isa = PBXFrameworksBuildPhase;
			buildActionMask = 2147483647;
			files = (
			);
			runOnlyForDeploymentPostprocessing = 0;
		};
/* End PBXFrameworksBuildPhase section */

/* Begin PBXGroup section */
		E90BD37A289BDF93009A3E62 = {
			isa = PBXGroup;
			children = (
				E9A3618728AC5D73005C01A1 /* README.md */,
				E90BD385289BDF93009A3E62 /* GitHubRetrospectives */,
				E90BD39C289BDF95009A3E62 /* GitHubRetrospectivesTests */,
				E90BD3A6289BDF95009A3E62 /* GitHubRetrospectivesUITests */,
				E90BD384289BDF93009A3E62 /* Products */,
			);
			sourceTree = "<group>";
		};
		E90BD384289BDF93009A3E62 /* Products */ = {
			isa = PBXGroup;
			children = (
				E90BD383289BDF93009A3E62 /* GitHubRetrospectives.app */,
				E90BD399289BDF95009A3E62 /* GitHubRetrospectivesTests.xctest */,
				E90BD3A3289BDF95009A3E62 /* GitHubRetrospectivesUITests.xctest */,
			);
			name = Products;
			sourceTree = "<group>";
		};
		E90BD385289BDF93009A3E62 /* GitHubRetrospectives */ = {
			isa = PBXGroup;
			children = (
				E90BD386289BDF93009A3E62 /* AppDelegate.swift */,
				E90BD388289BDF93009A3E62 /* SceneDelegate.swift */,
				E90BD38A289BDF93009A3E62 /* ViewController.swift */,
				E90BD3B9289BDFC5009A3E62 /* Screens */,
				E90BD3BA289BDFCB009A3E62 /* Entities */,
				E90BD3BB289BDFD5009A3E62 /* Networks */,
				E90BD3BC289BDFDF009A3E62 /* UseCases */,
				E90BD3CB289BE10F009A3E62 /* Extensions */,
				E90BD38C289BDF93009A3E62 /* Main.storyboard */,
				E90BD38F289BDF94009A3E62 /* Assets.xcassets */,
				E90BD391289BDF94009A3E62 /* LaunchScreen.storyboard */,
				E90BD394289BDF94009A3E62 /* Info.plist */,
				E9CA3E4328AA2B4D00FB80FB /* Localizable.strings */,
			);
			path = GitHubRetrospectives;
			sourceTree = "<group>";
		};
		E90BD39C289BDF95009A3E62 /* GitHubRetrospectivesTests */ = {
			isa = PBXGroup;
			children = (
				E90BD39D289BDF95009A3E62 /* GitHubRetrospectivesTests.swift */,
			);
			path = GitHubRetrospectivesTests;
			sourceTree = "<group>";
		};
		E90BD3A6289BDF95009A3E62 /* GitHubRetrospectivesUITests */ = {
			isa = PBXGroup;
			children = (
				E90BD3A7289BDF95009A3E62 /* GitHubRetrospectivesUITests.swift */,
				E90BD3A9289BDF95009A3E62 /* GitHubRetrospectivesUITestsLaunchTests.swift */,
			);
			path = GitHubRetrospectivesUITests;
			sourceTree = "<group>";
		};
		E90BD3B9289BDFC5009A3E62 /* Screens */ = {
			isa = PBXGroup;
			children = (
				E90BD3CE289BE14A009A3E62 /* IntroViewController.swift */,
				E90BD3D0289BE16A009A3E62 /* SummaryViewController.swift */,
				E939F2A1289C022B00B4136C /* DetailViewController.swift */,
				E90BD3BD289BE014009A3E62 /* AddTokenViewController.swift */,
			);
			path = Screens;
			sourceTree = "<group>";
		};
		E90BD3BA289BDFCB009A3E62 /* Entities */ = {
			isa = PBXGroup;
			children = (
			);
			path = Entities;
			sourceTree = "<group>";
		};
		E90BD3BB289BDFD5009A3E62 /* Networks */ = {
			isa = PBXGroup;
			children = (
				E90BD3C1289BE082009A3E62 /* URLSession+GitHub.swift */,
				E90BD3C4289BE099009A3E62 /* Requests */,
				E90BD3C3289BE090009A3E62 /* Responses */,
			);
			path = Networks;
			sourceTree = "<group>";
		};
		E90BD3BC289BDFDF009A3E62 /* UseCases */ = {
			isa = PBXGroup;
			children = (
				E939F29F289BF34600B4136C /* FetchNotificationsUseCase.swift */,
				E90BD3BF289BE03A009A3E62 /* AddTokenUseCase.swift */,
			);
			path = UseCases;
			sourceTree = "<group>";
		};
		E90BD3C3289BE090009A3E62 /* Responses */ = {
			isa = PBXGroup;
			children = (
				E90BD3C9289BE0F8009A3E62 /* Notification.swift */,
			);
			path = Responses;
			sourceTree = "<group>";
		};
		E90BD3C4289BE099009A3E62 /* Requests */ = {
			isa = PBXGroup;
			children = (
				E90BD3C5289BE0AF009A3E62 /* GitHubApiRequest.swift */,
				E90BD3C7289BE0DD009A3E62 /* NotificationsRequest.swift */,
			);
			path = Requests;
			sourceTree = "<group>";
		};
		E90BD3CB289BE10F009A3E62 /* Extensions */ = {
			isa = PBXGroup;
			children = (
				E90BD3CC289BE127009A3E62 /* Date+Extension.swift */,
				E9CA3E4128AA2AC000FB80FB /* String+Extension.swift */,
			);
			path = Extensions;
			sourceTree = "<group>";
		};
/* End PBXGroup section */

/* Begin PBXNativeTarget section */
		E90BD382289BDF93009A3E62 /* GitHubRetrospectives */ = {
			isa = PBXNativeTarget;
			buildConfigurationList = E90BD3AD289BDF95009A3E62 /* Build configuration list for PBXNativeTarget "GitHubRetrospectives" */;
			buildPhases = (
				E90BD37F289BDF93009A3E62 /* Sources */,
				E90BD380289BDF93009A3E62 /* Frameworks */,
				E90BD381289BDF93009A3E62 /* Resources */,
			);
			buildRules = (
			);
			dependencies = (
			);
			name = GitHubRetrospectives;
			packageProductDependencies = (
				E90BD3B7289BDFB5009A3E62 /* KeychainAccess */,
			);
			productName = GitHubRetrospectives;
			productReference = E90BD383289BDF93009A3E62 /* GitHubRetrospectives.app */;
			productType = "com.apple.product-type.application";
		};
		E90BD398289BDF95009A3E62 /* GitHubRetrospectivesTests */ = {
			isa = PBXNativeTarget;
			buildConfigurationList = E90BD3B0289BDF95009A3E62 /* Build configuration list for PBXNativeTarget "GitHubRetrospectivesTests" */;
			buildPhases = (
				E90BD395289BDF95009A3E62 /* Sources */,
				E90BD396289BDF95009A3E62 /* Frameworks */,
				E90BD397289BDF95009A3E62 /* Resources */,
			);
			buildRules = (
			);
			dependencies = (
				E90BD39B289BDF95009A3E62 /* PBXTargetDependency */,
			);
			name = GitHubRetrospectivesTests;
			productName = GitHubRetrospectivesTests;
			productReference = E90BD399289BDF95009A3E62 /* GitHubRetrospectivesTests.xctest */;
			productType = "com.apple.product-type.bundle.unit-test";
		};
		E90BD3A2289BDF95009A3E62 /* GitHubRetrospectivesUITests */ = {
			isa = PBXNativeTarget;
			buildConfigurationList = E90BD3B3289BDF95009A3E62 /* Build configuration list for PBXNativeTarget "GitHubRetrospectivesUITests" */;
			buildPhases = (
				E90BD39F289BDF95009A3E62 /* Sources */,
				E90BD3A0289BDF95009A3E62 /* Frameworks */,
				E90BD3A1289BDF95009A3E62 /* Resources */,
			);
			buildRules = (
			);
			dependencies = (
				E90BD3A5289BDF95009A3E62 /* PBXTargetDependency */,
			);
			name = GitHubRetrospectivesUITests;
			productName = GitHubRetrospectivesUITests;
			productReference = E90BD3A3289BDF95009A3E62 /* GitHubRetrospectivesUITests.xctest */;
			productType = "com.apple.product-type.bundle.ui-testing";
		};
/* End PBXNativeTarget section */

/* Begin PBXProject section */
		E90BD37B289BDF93009A3E62 /* Project object */ = {
			isa = PBXProject;
			attributes = {
				BuildIndependentTargetsInParallel = 1;
				LastSwiftUpdateCheck = 1340;
				LastUpgradeCheck = 1340;
				TargetAttributes = {
					E90BD382289BDF93009A3E62 = {
						CreatedOnToolsVersion = 13.4.1;
					};
					E90BD398289BDF95009A3E62 = {
						CreatedOnToolsVersion = 13.4.1;
						TestTargetID = E90BD382289BDF93009A3E62;
					};
					E90BD3A2289BDF95009A3E62 = {
						CreatedOnToolsVersion = 13.4.1;
						TestTargetID = E90BD382289BDF93009A3E62;
					};
				};
			};
			buildConfigurationList = E90BD37E289BDF93009A3E62 /* Build configuration list for PBXProject "GitHubRetrospectives" */;
			compatibilityVersion = "Xcode 13.0";
			developmentRegion = en;
			hasScannedForEncodings = 0;
			knownRegions = (
				en,
				Base,
			);
			mainGroup = E90BD37A289BDF93009A3E62;
			packageReferences = (
				E90BD3B6289BDFB5009A3E62 /* XCRemoteSwiftPackageReference "KeychainAccess" */,
			);
			productRefGroup = E90BD384289BDF93009A3E62 /* Products */;
			projectDirPath = "";
			projectRoot = "";
			targets = (
				E90BD382289BDF93009A3E62 /* GitHubRetrospectives */,
				E90BD398289BDF95009A3E62 /* GitHubRetrospectivesTests */,
				E90BD3A2289BDF95009A3E62 /* GitHubRetrospectivesUITests */,
			);
		};
/* End PBXProject section */

/* Begin PBXResourcesBuildPhase section */
		E90BD381289BDF93009A3E62 /* Resources */ = {
			isa = PBXResourcesBuildPhase;
			buildActionMask = 2147483647;
			files = (
				E90BD393289BDF94009A3E62 /* LaunchScreen.storyboard in Resources */,
				E9CA3E4428AA2B4D00FB80FB /* Localizable.strings in Resources */,
				E9A3618828AC5D73005C01A1 /* README.md in Resources */,
				E90BD390289BDF94009A3E62 /* Assets.xcassets in Resources */,
				E90BD38E289BDF93009A3E62 /* Main.storyboard in Resources */,
			);
			runOnlyForDeploymentPostprocessing = 0;
		};
		E90BD397289BDF95009A3E62 /* Resources */ = {
			isa = PBXResourcesBuildPhase;
			buildActionMask = 2147483647;
			files = (
			);
			runOnlyForDeploymentPostprocessing = 0;
		};
		E90BD3A1289BDF95009A3E62 /* Resources */ = {
			isa = PBXResourcesBuildPhase;
			buildActionMask = 2147483647;
			files = (
			);
			runOnlyForDeploymentPostprocessing = 0;
		};
/* End PBXResourcesBuildPhase section */

/* Begin PBXSourcesBuildPhase section */
		E90BD37F289BDF93009A3E62 /* Sources */ = {
			isa = PBXSourcesBuildPhase;
			buildActionMask = 2147483647;
			files = (
				E90BD3C8289BE0DD009A3E62 /* NotificationsRequest.swift in Sources */,
				E939F2A2289C022B00B4136C /* DetailViewController.swift in Sources */,
				E90BD3BE289BE014009A3E62 /* AddTokenViewController.swift in Sources */,
				E90BD3CA289BE0F8009A3E62 /* Notification.swift in Sources */,
				E90BD3C0289BE03A009A3E62 /* AddTokenUseCase.swift in Sources */,
				E90BD38B289BDF93009A3E62 /* ViewController.swift in Sources */,
				E90BD3CD289BE127009A3E62 /* Date+Extension.swift in Sources */,
				E90BD3D1289BE16A009A3E62 /* SummaryViewController.swift in Sources */,
				E90BD3C2289BE082009A3E62 /* URLSession+GitHub.swift in Sources */,
				E90BD387289BDF93009A3E62 /* AppDelegate.swift in Sources */,
				E90BD3CF289BE14A009A3E62 /* IntroViewController.swift in Sources */,
				E939F2A0289BF34600B4136C /* FetchNotificationsUseCase.swift in Sources */,
				E90BD3C6289BE0AF009A3E62 /* GitHubApiRequest.swift in Sources */,
				E9CA3E4228AA2AC000FB80FB /* String+Extension.swift in Sources */,
				E90BD389289BDF93009A3E62 /* SceneDelegate.swift in Sources */,
			);
			runOnlyForDeploymentPostprocessing = 0;
		};
		E90BD395289BDF95009A3E62 /* Sources */ = {
			isa = PBXSourcesBuildPhase;
			buildActionMask = 2147483647;
			files = (
				E90BD39E289BDF95009A3E62 /* GitHubRetrospectivesTests.swift in Sources */,
			);
			runOnlyForDeploymentPostprocessing = 0;
		};
		E90BD39F289BDF95009A3E62 /* Sources */ = {
			isa = PBXSourcesBuildPhase;
			buildActionMask = 2147483647;
			files = (
				E90BD3A8289BDF95009A3E62 /* GitHubRetrospectivesUITests.swift in Sources */,
				E90BD3AA289BDF95009A3E62 /* GitHubRetrospectivesUITestsLaunchTests.swift in Sources */,
			);
			runOnlyForDeploymentPostprocessing = 0;
		};
/* End PBXSourcesBuildPhase section */

/* Begin PBXTargetDependency section */
		E90BD39B289BDF95009A3E62 /* PBXTargetDependency */ = {
			isa = PBXTargetDependency;
			target = E90BD382289BDF93009A3E62 /* GitHubRetrospectives */;
			targetProxy = E90BD39A289BDF95009A3E62 /* PBXContainerItemProxy */;
		};
		E90BD3A5289BDF95009A3E62 /* PBXTargetDependency */ = {
			isa = PBXTargetDependency;
			target = E90BD382289BDF93009A3E62 /* GitHubRetrospectives */;
			targetProxy = E90BD3A4289BDF95009A3E62 /* PBXContainerItemProxy */;
		};
/* End PBXTargetDependency section */

/* Begin PBXVariantGroup section */
		E90BD38C289BDF93009A3E62 /* Main.storyboard */ = {
			isa = PBXVariantGroup;
			children = (
				E90BD38D289BDF93009A3E62 /* Base */,
			);
			name = Main.storyboard;
			sourceTree = "<group>";
		};
		E90BD391289BDF94009A3E62 /* LaunchScreen.storyboard */ = {
			isa = PBXVariantGroup;
			children = (
				E90BD392289BDF94009A3E62 /* Base */,
			);
			name = LaunchScreen.storyboard;
			sourceTree = "<group>";
		};
/* End PBXVariantGroup section */

/* Begin XCBuildConfiguration section */
		E90BD3AB289BDF95009A3E62 /* Debug */ = {
			isa = XCBuildConfiguration;
			buildSettings = {
				ALWAYS_SEARCH_USER_PATHS = NO;
				CLANG_ANALYZER_NONNULL = YES;
				CLANG_ANALYZER_NUMBER_OBJECT_CONVERSION = YES_AGGRESSIVE;
				CLANG_CXX_LANGUAGE_STANDARD = "gnu++17";
				CLANG_ENABLE_MODULES = YES;
				CLANG_ENABLE_OBJC_ARC = YES;
				CLANG_ENABLE_OBJC_WEAK = YES;
				CLANG_WARN_BLOCK_CAPTURE_AUTORELEASING = YES;
				CLANG_WARN_BOOL_CONVERSION = YES;
				CLANG_WARN_COMMA = YES;
				CLANG_WARN_CONSTANT_CONVERSION = YES;
				CLANG_WARN_DEPRECATED_OBJC_IMPLEMENTATIONS = YES;
				CLANG_WARN_DIRECT_OBJC_ISA_USAGE = YES_ERROR;
				CLANG_WARN_DOCUMENTATION_COMMENTS = YES;
				CLANG_WARN_EMPTY_BODY = YES;
				CLANG_WARN_ENUM_CONVERSION = YES;
				CLANG_WARN_INFINITE_RECURSION = YES;
				CLANG_WARN_INT_CONVERSION = YES;
				CLANG_WARN_NON_LITERAL_NULL_CONVERSION = YES;
				CLANG_WARN_OBJC_IMPLICIT_RETAIN_SELF = YES;
				CLANG_WARN_OBJC_LITERAL_CONVERSION = YES;
				CLANG_WARN_OBJC_ROOT_CLASS = YES_ERROR;
				CLANG_WARN_QUOTED_INCLUDE_IN_FRAMEWORK_HEADER = YES;
				CLANG_WARN_RANGE_LOOP_ANALYSIS = YES;
				CLANG_WARN_STRICT_PROTOTYPES = YES;
				CLANG_WARN_SUSPICIOUS_MOVE = YES;
				CLANG_WARN_UNGUARDED_AVAILABILITY = YES_AGGRESSIVE;
				CLANG_WARN_UNREACHABLE_CODE = YES;
				CLANG_WARN__DUPLICATE_METHOD_MATCH = YES;
				COPY_PHASE_STRIP = NO;
				DEBUG_INFORMATION_FORMAT = dwarf;
				ENABLE_STRICT_OBJC_MSGSEND = YES;
				ENABLE_TESTABILITY = YES;
				GCC_C_LANGUAGE_STANDARD = gnu11;
				GCC_DYNAMIC_NO_PIC = NO;
				GCC_NO_COMMON_BLOCKS = YES;
				GCC_OPTIMIZATION_LEVEL = 0;
				GCC_PREPROCESSOR_DEFINITIONS = (
					"DEBUG=1",
					"$(inherited)",
				);
				GCC_WARN_64_TO_32_BIT_CONVERSION = YES;
				GCC_WARN_ABOUT_RETURN_TYPE = YES_ERROR;
				GCC_WARN_UNDECLARED_SELECTOR = YES;
				GCC_WARN_UNINITIALIZED_AUTOS = YES_AGGRESSIVE;
				GCC_WARN_UNUSED_FUNCTION = YES;
				GCC_WARN_UNUSED_VARIABLE = YES;
				IPHONEOS_DEPLOYMENT_TARGET = 15.5;
				MTL_ENABLE_DEBUG_INFO = INCLUDE_SOURCE;
				MTL_FAST_MATH = YES;
				ONLY_ACTIVE_ARCH = YES;
				SDKROOT = iphoneos;
				SWIFT_ACTIVE_COMPILATION_CONDITIONS = DEBUG;
				SWIFT_OPTIMIZATION_LEVEL = "-Onone";
			};
			name = Debug;
		};
		E90BD3AC289BDF95009A3E62 /* Release */ = {
			isa = XCBuildConfiguration;
			buildSettings = {
				ALWAYS_SEARCH_USER_PATHS = NO;
				CLANG_ANALYZER_NONNULL = YES;
				CLANG_ANALYZER_NUMBER_OBJECT_CONVERSION = YES_AGGRESSIVE;
				CLANG_CXX_LANGUAGE_STANDARD = "gnu++17";
				CLANG_ENABLE_MODULES = YES;
				CLANG_ENABLE_OBJC_ARC = YES;
				CLANG_ENABLE_OBJC_WEAK = YES;
				CLANG_WARN_BLOCK_CAPTURE_AUTORELEASING = YES;
				CLANG_WARN_BOOL_CONVERSION = YES;
				CLANG_WARN_COMMA = YES;
				CLANG_WARN_CONSTANT_CONVERSION = YES;
				CLANG_WARN_DEPRECATED_OBJC_IMPLEMENTATIONS = YES;
				CLANG_WARN_DIRECT_OBJC_ISA_USAGE = YES_ERROR;
				CLANG_WARN_DOCUMENTATION_COMMENTS = YES;
				CLANG_WARN_EMPTY_BODY = YES;
				CLANG_WARN_ENUM_CONVERSION = YES;
				CLANG_WARN_INFINITE_RECURSION = YES;
				CLANG_WARN_INT_CONVERSION = YES;
				CLANG_WARN_NON_LITERAL_NULL_CONVERSION = YES;
				CLANG_WARN_OBJC_IMPLICIT_RETAIN_SELF = YES;
				CLANG_WARN_OBJC_LITERAL_CONVERSION = YES;
				CLANG_WARN_OBJC_ROOT_CLASS = YES_ERROR;
				CLANG_WARN_QUOTED_INCLUDE_IN_FRAMEWORK_HEADER = YES;
				CLANG_WARN_RANGE_LOOP_ANALYSIS = YES;
				CLANG_WARN_STRICT_PROTOTYPES = YES;
				CLANG_WARN_SUSPICIOUS_MOVE = YES;
				CLANG_WARN_UNGUARDED_AVAILABILITY = YES_AGGRESSIVE;
				CLANG_WARN_UNREACHABLE_CODE = YES;
				CLANG_WARN__DUPLICATE_METHOD_MATCH = YES;
				COPY_PHASE_STRIP = NO;
				DEBUG_INFORMATION_FORMAT = "dwarf-with-dsym";
				ENABLE_NS_ASSERTIONS = NO;
				ENABLE_STRICT_OBJC_MSGSEND = YES;
				GCC_C_LANGUAGE_STANDARD = gnu11;
				GCC_NO_COMMON_BLOCKS = YES;
				GCC_WARN_64_TO_32_BIT_CONVERSION = YES;
				GCC_WARN_ABOUT_RETURN_TYPE = YES_ERROR;
				GCC_WARN_UNDECLARED_SELECTOR = YES;
				GCC_WARN_UNINITIALIZED_AUTOS = YES_AGGRESSIVE;
				GCC_WARN_UNUSED_FUNCTION = YES;
				GCC_WARN_UNUSED_VARIABLE = YES;
				IPHONEOS_DEPLOYMENT_TARGET = 15.5;
				MTL_ENABLE_DEBUG_INFO = NO;
				MTL_FAST_MATH = YES;
				SDKROOT = iphoneos;
				SWIFT_COMPILATION_MODE = wholemodule;
				SWIFT_OPTIMIZATION_LEVEL = "-O";
				VALIDATE_PRODUCT = YES;
			};
			name = Release;
		};
		E90BD3AE289BDF95009A3E62 /* Debug */ = {
			isa = XCBuildConfiguration;
			buildSettings = {
				ASSETCATALOG_COMPILER_APPICON_NAME = AppIcon;
				ASSETCATALOG_COMPILER_GLOBAL_ACCENT_COLOR_NAME = AccentColor;
				CODE_SIGN_STYLE = Automatic;
				CURRENT_PROJECT_VERSION = 1;
				DEVELOPMENT_TEAM = 7MGJ7GD8JH;
				GENERATE_INFOPLIST_FILE = YES;
				INFOPLIST_FILE = GitHubRetrospectives/Info.plist;
				INFOPLIST_KEY_UIApplicationSupportsIndirectInputEvents = YES;
				INFOPLIST_KEY_UILaunchStoryboardName = LaunchScreen;
				INFOPLIST_KEY_UIMainStoryboardFile = Main;
				INFOPLIST_KEY_UISupportedInterfaceOrientations_iPad = "UIInterfaceOrientationPortrait UIInterfaceOrientationPortraitUpsideDown UIInterfaceOrientationLandscapeLeft UIInterfaceOrientationLandscapeRight";
				INFOPLIST_KEY_UISupportedInterfaceOrientations_iPhone = "UIInterfaceOrientationPortrait UIInterfaceOrientationLandscapeLeft UIInterfaceOrientationLandscapeRight";
				LD_RUNPATH_SEARCH_PATHS = (
					"$(inherited)",
					"@executable_path/Frameworks",
				);
				MARKETING_VERSION = 1.0;
				PRODUCT_BUNDLE_IDENTIFIER = net.oh24.GitHubRetrospectives;
				PRODUCT_NAME = "$(TARGET_NAME)";
				SWIFT_EMIT_LOC_STRINGS = YES;
				SWIFT_VERSION = 5.0;
				TARGETED_DEVICE_FAMILY = "1,2";
			};
			name = Debug;
		};
		E90BD3AF289BDF95009A3E62 /* Release */ = {
			isa = XCBuildConfiguration;
			buildSettings = {
				ASSETCATALOG_COMPILER_APPICON_NAME = AppIcon;
				ASSETCATALOG_COMPILER_GLOBAL_ACCENT_COLOR_NAME = AccentColor;
				CODE_SIGN_STYLE = Automatic;
				CURRENT_PROJECT_VERSION = 1;
				DEVELOPMENT_TEAM = 7MGJ7GD8JH;
				GENERATE_INFOPLIST_FILE = YES;
				INFOPLIST_FILE = GitHubRetrospectives/Info.plist;
				INFOPLIST_KEY_UIApplicationSupportsIndirectInputEvents = YES;
				INFOPLIST_KEY_UILaunchStoryboardName = LaunchScreen;
				INFOPLIST_KEY_UIMainStoryboardFile = Main;
				INFOPLIST_KEY_UISupportedInterfaceOrientations_iPad = "UIInterfaceOrientationPortrait UIInterfaceOrientationPortraitUpsideDown UIInterfaceOrientationLandscapeLeft UIInterfaceOrientationLandscapeRight";
				INFOPLIST_KEY_UISupportedInterfaceOrientations_iPhone = "UIInterfaceOrientationPortrait UIInterfaceOrientationLandscapeLeft UIInterfaceOrientationLandscapeRight";
				LD_RUNPATH_SEARCH_PATHS = (
					"$(inherited)",
					"@executable_path/Frameworks",
				);
				MARKETING_VERSION = 1.0;
				PRODUCT_BUNDLE_IDENTIFIER = net.oh24.GitHubRetrospectives;
				PRODUCT_NAME = "$(TARGET_NAME)";
				SWIFT_EMIT_LOC_STRINGS = YES;
				SWIFT_VERSION = 5.0;
				TARGETED_DEVICE_FAMILY = "1,2";
			};
			name = Release;
		};
		E90BD3B1289BDF95009A3E62 /* Debug */ = {
			isa = XCBuildConfiguration;
			buildSettings = {
				ALWAYS_EMBED_SWIFT_STANDARD_LIBRARIES = YES;
				BUNDLE_LOADER = "$(TEST_HOST)";
				CODE_SIGN_STYLE = Automatic;
				CURRENT_PROJECT_VERSION = 1;
				DEVELOPMENT_TEAM = 7MGJ7GD8JH;
				GENERATE_INFOPLIST_FILE = YES;
				IPHONEOS_DEPLOYMENT_TARGET = 15.5;
				MARKETING_VERSION = 1.0;
				PRODUCT_BUNDLE_IDENTIFIER = net.oh24.GitHubRetrospectivesTests;
				PRODUCT_NAME = "$(TARGET_NAME)";
				SWIFT_EMIT_LOC_STRINGS = NO;
				SWIFT_VERSION = 5.0;
				TARGETED_DEVICE_FAMILY = "1,2";
				TEST_HOST = "$(BUILT_PRODUCTS_DIR)/GitHubRetrospectives.app/GitHubRetrospectives";
			};
			name = Debug;
		};
		E90BD3B2289BDF95009A3E62 /* Release */ = {
			isa = XCBuildConfiguration;
			buildSettings = {
				ALWAYS_EMBED_SWIFT_STANDARD_LIBRARIES = YES;
				BUNDLE_LOADER = "$(TEST_HOST)";
				CODE_SIGN_STYLE = Automatic;
				CURRENT_PROJECT_VERSION = 1;
				DEVELOPMENT_TEAM = 7MGJ7GD8JH;
				GENERATE_INFOPLIST_FILE = YES;
				IPHONEOS_DEPLOYMENT_TARGET = 15.5;
				MARKETING_VERSION = 1.0;
				PRODUCT_BUNDLE_IDENTIFIER = net.oh24.GitHubRetrospectivesTests;
				PRODUCT_NAME = "$(TARGET_NAME)";
				SWIFT_EMIT_LOC_STRINGS = NO;
				SWIFT_VERSION = 5.0;
				TARGETED_DEVICE_FAMILY = "1,2";
				TEST_HOST = "$(BUILT_PRODUCTS_DIR)/GitHubRetrospectives.app/GitHubRetrospectives";
			};
			name = Release;
		};
		E90BD3B4289BDF95009A3E62 /* Debug */ = {
			isa = XCBuildConfiguration;
			buildSettings = {
				ALWAYS_EMBED_SWIFT_STANDARD_LIBRARIES = YES;
				CODE_SIGN_STYLE = Automatic;
				CURRENT_PROJECT_VERSION = 1;
				DEVELOPMENT_TEAM = 7MGJ7GD8JH;
				GENERATE_INFOPLIST_FILE = YES;
				MARKETING_VERSION = 1.0;
				PRODUCT_BUNDLE_IDENTIFIER = net.oh24.GitHubRetrospectivesUITests;
				PRODUCT_NAME = "$(TARGET_NAME)";
				SWIFT_EMIT_LOC_STRINGS = NO;
				SWIFT_VERSION = 5.0;
				TARGETED_DEVICE_FAMILY = "1,2";
				TEST_TARGET_NAME = GitHubRetrospectives;
			};
			name = Debug;
		};
		E90BD3B5289BDF95009A3E62 /* Release */ = {
			isa = XCBuildConfiguration;
			buildSettings = {
				ALWAYS_EMBED_SWIFT_STANDARD_LIBRARIES = YES;
				CODE_SIGN_STYLE = Automatic;
				CURRENT_PROJECT_VERSION = 1;
				DEVELOPMENT_TEAM = 7MGJ7GD8JH;
				GENERATE_INFOPLIST_FILE = YES;
				MARKETING_VERSION = 1.0;
				PRODUCT_BUNDLE_IDENTIFIER = net.oh24.GitHubRetrospectivesUITests;
				PRODUCT_NAME = "$(TARGET_NAME)";
				SWIFT_EMIT_LOC_STRINGS = NO;
				SWIFT_VERSION = 5.0;
				TARGETED_DEVICE_FAMILY = "1,2";
				TEST_TARGET_NAME = GitHubRetrospectives;
			};
			name = Release;
		};
/* End XCBuildConfiguration section */

/* Begin XCConfigurationList section */
		E90BD37E289BDF93009A3E62 /* Build configuration list for PBXProject "GitHubRetrospectives" */ = {
			isa = XCConfigurationList;
			buildConfigurations = (
				E90BD3AB289BDF95009A3E62 /* Debug */,
				E90BD3AC289BDF95009A3E62 /* Release */,
			);
			defaultConfigurationIsVisible = 0;
			defaultConfigurationName = Release;
		};
		E90BD3AD289BDF95009A3E62 /* Build configuration list for PBXNativeTarget "GitHubRetrospectives" */ = {
			isa = XCConfigurationList;
			buildConfigurations = (
				E90BD3AE289BDF95009A3E62 /* Debug */,
				E90BD3AF289BDF95009A3E62 /* Release */,
			);
			defaultConfigurationIsVisible = 0;
			defaultConfigurationName = Release;
		};
		E90BD3B0289BDF95009A3E62 /* Build configuration list for PBXNativeTarget "GitHubRetrospectivesTests" */ = {
			isa = XCConfigurationList;
			buildConfigurations = (
				E90BD3B1289BDF95009A3E62 /* Debug */,
				E90BD3B2289BDF95009A3E62 /* Release */,
			);
			defaultConfigurationIsVisible = 0;
			defaultConfigurationName = Release;
		};
		E90BD3B3289BDF95009A3E62 /* Build configuration list for PBXNativeTarget "GitHubRetrospectivesUITests" */ = {
			isa = XCConfigurationList;
			buildConfigurations = (
				E90BD3B4289BDF95009A3E62 /* Debug */,
				E90BD3B5289BDF95009A3E62 /* Release */,
			);
			defaultConfigurationIsVisible = 0;
			defaultConfigurationName = Release;
		};
/* End XCConfigurationList section */

/* Begin XCRemoteSwiftPackageReference section */
		E90BD3B6289BDFB5009A3E62 /* XCRemoteSwiftPackageReference "KeychainAccess" */ = {
			isa = XCRemoteSwiftPackageReference;
			repositoryURL = "git@github.com:kishikawakatsumi/KeychainAccess.git";
			requirement = {
				branch = master;
				kind = branch;
			};
		};
/* End XCRemoteSwiftPackageReference section */

/* Begin XCSwiftPackageProductDependency section */
		E90BD3B7289BDFB5009A3E62 /* KeychainAccess */ = {
			isa = XCSwiftPackageProductDependency;
			package = E90BD3B6289BDFB5009A3E62 /* XCRemoteSwiftPackageReference "KeychainAccess" */;
			productName = KeychainAccess;
		};
/* End XCSwiftPackageProductDependency section */
	};
	rootObject = E90BD37B289BDF93009A3E62 /* Project object */;
}
